
Microsoft Visual Studio Solution File, Format Version 12.00
# Visual Studio Version 17
VisualStudioVersion = 17.13.35919.96
MinimumVisualStudioVersion = 10.0.40219.1
Project("{FAE04EC0-301F-11D3-BF4B-00C04F79EFBC}") = "ProducerService", "ProducerService\ProducerService.csproj", "{5BB62640-D0CB-4179-8015-6B87491B29D7}"
EndProject
Project("{2150E333-8FDC-42A3-9474-1A3956D46DE8}") = "Tests", "Tests", "{02EA681E-C7D8-13C7-8484-4AC65E1B71E8}"
EndProject
Project("{FAE04EC0-301F-11D3-BF4B-00C04F79EFBC}") = "ProducerService.Test", "ProducerService.Test\ProducerService.Test.csproj", "{2E61FFFB-5969-4687-8407-6B7AE5DD1BA3}"
EndProject
Global
	GlobalSection(SolutionConfigurationPlatforms) = preSolution
		Debug|Any CPU = Debug|Any CPU
		Release|Any CPU = Release|Any CPU
	EndGlobalSection
	GlobalSection(ProjectConfigurationPlatforms) = postSolution
		{5BB62640-D0CB-4179-8015-6B87491B29D7}.Debug|Any CPU.ActiveCfg = Debug|Any CPU
		{5BB62640-D0CB-4179-8015-6B87491B29D7}.Debug|Any CPU.Build.0 = Debug|Any CPU
		{5BB62640-D0CB-4179-8015-6B87491B29D7}.Release|Any CPU.ActiveCfg = Release|Any CPU
		{5BB62640-D0CB-4179-8015-6B87491B29D7}.Release|Any CPU.Build.0 = Release|Any CPU
		{2E61FFFB-5969-4687-8407-6B7AE5DD1BA3}.Debug|Any CPU.ActiveCfg = Debug|Any CPU
		{2E61FFFB-5969-4687-8407-6B7AE5DD1BA3}.Debug|Any CPU.Build.0 = Debug|Any CPU
		{2E61FFFB-5969-4687-8407-6B7AE5DD1BA3}.Release|Any CPU.ActiveCfg = Release|Any CPU
		{2E61FFFB-5969-4687-8407-6B7AE5DD1BA3}.Release|Any CPU.Build.0 = Release|Any CPU
	EndGlobalSection
	GlobalSection(SolutionProperties) = preSolution
		HideSolutionNode = FALSE
	EndGlobalSection
	GlobalSection(NestedProjects) = preSolution
		{2E61FFFB-5969-4687-8407-6B7AE5DD1BA3} = {02EA681E-C7D8-13C7-8484-4AC65E1B71E8}
	EndGlobalSection
	GlobalSection(ExtensibilityGlobals) = postSolution
		SolutionGuid = {3A385564-7A98-4965-844E-6CB0C0961A3B}
	EndGlobalSection
EndGlobal
